{
  "name": "frs-tokenprovider",
  "version": "1.0.0",
  "lockfileVersion": 1,
  "requires": true,
  "dependencies": {
    "@azure/functions": {
      "version": "1.2.3",
      "resolved": "https://registry.npmjs.org/@azure/functions/-/functions-1.2.3.tgz",
      "integrity": "sha512-dZITbYPNg6ay6ngcCOjRUh1wDhlFITS0zIkqplyH5KfKEAVPooaoaye5mUFnR+WP9WdGRjlNXyl/y2tgWKHcRg==",
      "dev": true
    },
    "@fluidframework/aqueduct": {
      "version": "0.56.2",
      "resolved": "https://registry.npmjs.org/@fluidframework/aqueduct/-/aqueduct-0.56.2.tgz",
      "integrity": "sha512-wFF4j8fYc7q1cNmhmpjtY0mLiRUwbTveKOhALkAkou4bRsW4fDJ2F7tQxNh8Ief3p1y6tgHY20gwt76Ej/okbg==",
      "requires": {
        "@fluidframework/common-definitions": "^0.20.1",
        "@fluidframework/common-utils": "^0.32.1",
        "@fluidframework/container-definitions": "^0.45.0",
        "@fluidframework/container-loader": "^0.56.2",
        "@fluidframework/container-runtime": "^0.56.2",
        "@fluidframework/container-runtime-definitions": "^0.56.2",
        "@fluidframework/core-interfaces": "^0.42.0",
        "@fluidframework/datastore": "^0.56.2",
        "@fluidframework/datastore-definitions": "^0.56.2",
        "@fluidframework/map": "^0.56.2",
        "@fluidframework/request-handler": "^0.56.2",
        "@fluidframework/runtime-definitions": "^0.56.2",
        "@fluidframework/runtime-utils": "^0.56.2",
        "@fluidframework/synthesize": "^0.56.2",
        "@fluidframework/view-interfaces": "^0.56.2",
        "uuid": "^8.3.1"
      }
    },
    "@fluidframework/azure-client": {
      "version": "0.56.2",
      "resolved": "https://registry.npmjs.org/@fluidframework/azure-client/-/azure-client-0.56.2.tgz",
      "integrity": "sha512-c1TWIcs7MJAnOhPZ5etZQSDcdA6bL8DifsHqvj/1+LagMUGfyLDfwVkRGlXUps2V0T45tqxnzKN1IDrOOJbpgQ==",
      "requires": {
        "@fluidframework/common-definitions": "^0.20.1",
        "@fluidframework/container-definitions": "^0.45.0",
        "@fluidframework/container-loader": "^0.56.2",
        "@fluidframework/core-interfaces": "^0.42.0",
        "@fluidframework/driver-definitions": "^0.44.0",
        "@fluidframework/driver-utils": "^0.56.2",
        "@fluidframework/fluid-static": "^0.56.2",
        "@fluidframework/map": "^0.56.2",
        "@fluidframework/protocol-definitions": "^0.1026.0",
        "@fluidframework/routerlicious-driver": "^0.56.2",
        "@fluidframework/runtime-utils": "^0.56.2",
        "@fluidframework/server-services-client": "^0.1034.0",
        "axios": "^0.21.2",
        "uuid": "^8.3.1"
      }
    },
    "@fluidframework/azure-service-utils": {
      "version": "0.56.2",
      "resolved": "https://registry.npmjs.org/@fluidframework/azure-service-utils/-/azure-service-utils-0.56.2.tgz",
      "integrity": "sha512-08ABeqICjiqbFxYWO8CYGvNgmZfptcdvFe5IkqqT+UakaeL/N7xNR7u3z9IVLFGUfLFW6PMim+A9ynW9K9zk2Q==",
      "requires": {
        "@fluidframework/protocol-definitions": "^0.1026.0",
        "jsrsasign": "^10.2.0"
      }
    },
    "@fluidframework/common-definitions": {
      "version": "0.20.1",
      "resolved": "https://registry.npmjs.org/@fluidframework/common-definitions/-/common-definitions-0.20.1.tgz",
      "integrity": "sha512-KaoQ7w2MDH5OeRKVatL5yVOCFg+9wD6bLSLFh1/TV1EZM46l49iBqO7UVjUtPE6BIm0jvvOzJXULGVSpzokX3g=="
    },
    "@fluidframework/common-utils": {
      "version": "0.32.1",
      "resolved": "https://registry.npmjs.org/@fluidframework/common-utils/-/common-utils-0.32.1.tgz",
      "integrity": "sha512-8m7nTGLyzQqjGX9qZmE1L65IfSxrcEo35MtCVmH0qfttfVqEFghxXAgtmrcfvKkg6NUDTmb13hdyNx0hZlky7w==",
      "requires": {
        "@fluidframework/common-definitions": "^0.20.1",
        "@types/events": "^3.0.0",
        "base64-js": "^1.5.1",
        "events": "^3.1.0",
        "lodash": "^4.17.21",
        "sha.js": "^2.4.11"
      }
    },
    "@fluidframework/container-definitions": {
      "version": "0.45.0",
      "resolved": "https://registry.npmjs.org/@fluidframework/container-definitions/-/container-definitions-0.45.0.tgz",
      "integrity": "sha512-juwnf5uyTiya9ZupsF29xxrBZ4sWQ5YVctoacwu/44s98a+zctc2rChmakl26pmdk8i6dvLZzx7EVISWnNn4Kw==",
      "requires": {
        "@fluidframework/common-definitions": "^0.20.0",
        "@fluidframework/core-interfaces": "^0.42.0",
        "@fluidframework/driver-definitions": "^0.44.0",
        "@fluidframework/protocol-definitions": "^0.1026.0"
      }
    },
    "@fluidframework/container-loader": {
      "version": "0.56.2",
      "resolved": "https://registry.npmjs.org/@fluidframework/container-loader/-/container-loader-0.56.2.tgz",
      "integrity": "sha512-oihb7BHcOP5shAHP837utr131lMKNdIyKY9VDHgZwexJt0/3kISWYhGKC/iQ+GyOO5ecwGn5nabkz20detRX5Q==",
      "requires": {
        "@fluidframework/common-definitions": "^0.20.1",
        "@fluidframework/common-utils": "^0.32.1",
        "@fluidframework/container-definitions": "^0.45.0",
        "@fluidframework/container-utils": "^0.56.2",
        "@fluidframework/core-interfaces": "^0.42.0",
        "@fluidframework/driver-definitions": "^0.44.0",
        "@fluidframework/driver-utils": "^0.56.2",
        "@fluidframework/protocol-base": "^0.1034.0",
        "@fluidframework/protocol-definitions": "^0.1026.0",
        "@fluidframework/telemetry-utils": "^0.56.2",
        "abort-controller": "^3.0.0",
        "double-ended-queue": "^2.1.0-0",
        "lodash": "^4.17.21",
        "uuid": "^8.3.1"
      }
    },
    "@fluidframework/container-runtime": {
      "version": "0.56.2",
      "resolved": "https://registry.npmjs.org/@fluidframework/container-runtime/-/container-runtime-0.56.2.tgz",
      "integrity": "sha512-Nq+/FeAwNC4QbkPPS15M6B/bTsikSrZpDQWUUGQEa7TNoCdhanhkBQanh1jDzywR9NTznrisK5TotUFvSrE9Lw==",
      "requires": {
        "@fluidframework/common-definitions": "^0.20.1",
        "@fluidframework/common-utils": "^0.32.1",
        "@fluidframework/container-definitions": "^0.45.0",
        "@fluidframework/container-runtime-definitions": "^0.56.2",
        "@fluidframework/container-utils": "^0.56.2",
        "@fluidframework/core-interfaces": "^0.42.0",
        "@fluidframework/datastore": "^0.56.2",
        "@fluidframework/driver-definitions": "^0.44.0",
        "@fluidframework/driver-utils": "^0.56.2",
        "@fluidframework/garbage-collector": "^0.56.2",
        "@fluidframework/protocol-base": "^0.1034.0",
        "@fluidframework/protocol-definitions": "^0.1026.0",
        "@fluidframework/runtime-definitions": "^0.56.2",
        "@fluidframework/runtime-utils": "^0.56.2",
        "@fluidframework/telemetry-utils": "^0.56.2",
        "double-ended-queue": "^2.1.0-0",
        "uuid": "^8.3.1"
      }
    },
    "@fluidframework/container-runtime-definitions": {
      "version": "0.56.2",
      "resolved": "https://registry.npmjs.org/@fluidframework/container-runtime-definitions/-/container-runtime-definitions-0.56.2.tgz",
      "integrity": "sha512-J3ArZgERzaevVPrssxFfoEAgyNLPJ/qg3I/C5oOTe1rAxRMXjLNBQ92r803/Tl/dRnymndUnFxPlSgbziBi4oQ==",
      "requires": {
        "@fluidframework/common-definitions": "^0.20.1",
        "@fluidframework/container-definitions": "^0.45.0",
        "@fluidframework/core-interfaces": "^0.42.0",
        "@fluidframework/driver-definitions": "^0.44.0",
        "@fluidframework/protocol-definitions": "^0.1026.0",
        "@fluidframework/runtime-definitions": "^0.56.2",
        "@types/node": "^14.18.0"
      }
    },
    "@fluidframework/container-utils": {
      "version": "0.56.2",
      "resolved": "https://registry.npmjs.org/@fluidframework/container-utils/-/container-utils-0.56.2.tgz",
      "integrity": "sha512-F0VTsJNWKT3y1zRiHLDvzee/dRz52raEJmVi6XgitpqqlZ03PM0ZRvoBdiST32yCL4RzxPmx6l8q5pZXb/Zt4g==",
      "requires": {
        "@fluidframework/common-definitions": "^0.20.1",
        "@fluidframework/common-utils": "^0.32.1",
        "@fluidframework/container-definitions": "^0.45.0",
        "@fluidframework/protocol-definitions": "^0.1026.0",
        "@fluidframework/telemetry-utils": "^0.56.2"
      }
    },
    "@fluidframework/core-interfaces": {
      "version": "0.42.0",
      "resolved": "https://registry.npmjs.org/@fluidframework/core-interfaces/-/core-interfaces-0.42.0.tgz",
      "integrity": "sha512-++hCu5X6e2CL2swrhXoGaJanGjvaHZNmTT/cSYI8tfnX4cW7eRJuIy8Kcg6K3nMn4thxbVPW7+QG4VPRNuGlMQ=="
    },
    "@fluidframework/datastore": {
      "version": "0.56.2",
      "resolved": "https://registry.npmjs.org/@fluidframework/datastore/-/datastore-0.56.2.tgz",
      "integrity": "sha512-0WfyWLFeW475fh4pERGtVfczFQMvLGdMt1EhgmgGt9Xcv2CffnZeFdUMbrPtXrnb1R+vViJgEdBb5sDRykP5+Q==",
      "requires": {
        "@fluidframework/common-definitions": "^0.20.1",
        "@fluidframework/common-utils": "^0.32.1",
        "@fluidframework/container-definitions": "^0.45.0",
        "@fluidframework/container-utils": "^0.56.2",
        "@fluidframework/core-interfaces": "^0.42.0",
        "@fluidframework/datastore-definitions": "^0.56.2",
        "@fluidframework/driver-definitions": "^0.44.0",
        "@fluidframework/driver-utils": "^0.56.2",
        "@fluidframework/garbage-collector": "^0.56.2",
        "@fluidframework/protocol-base": "^0.1034.0",
        "@fluidframework/protocol-definitions": "^0.1026.0",
        "@fluidframework/runtime-definitions": "^0.56.2",
        "@fluidframework/runtime-utils": "^0.56.2",
        "@fluidframework/telemetry-utils": "^0.56.2",
        "lodash": "^4.17.21",
        "uuid": "^8.3.1"
      }
    },
    "@fluidframework/datastore-definitions": {
      "version": "0.56.2",
      "resolved": "https://registry.npmjs.org/@fluidframework/datastore-definitions/-/datastore-definitions-0.56.2.tgz",
      "integrity": "sha512-oz9iUTJQwAD0q0u5Skt6em+YGv9ujSHUaGJhJeigmdnrZfqQFa8Vn3D1rWHNYaULUD75QKSiHHmhrE8atkLFyg==",
      "requires": {
        "@fluidframework/common-definitions": "^0.20.1",
        "@fluidframework/common-utils": "^0.32.1",
        "@fluidframework/container-definitions": "^0.45.0",
        "@fluidframework/core-interfaces": "^0.42.0",
        "@fluidframework/protocol-definitions": "^0.1026.0",
        "@fluidframework/runtime-definitions": "^0.56.2",
        "@types/node": "^14.18.0"
      }
    },
    "@fluidframework/driver-base": {
      "version": "0.56.2",
      "resolved": "https://registry.npmjs.org/@fluidframework/driver-base/-/driver-base-0.56.2.tgz",
      "integrity": "sha512-jHoWuXPKGxGyhexRavAGLNzFRO8zt8oXtGfFVgNVC7CofP6Vb8GhnEZdrN/zuD7ZXHDD4L6Ad+M+RJYfV+QYDQ==",
      "requires": {
        "@fluidframework/common-definitions": "^0.20.1",
        "@fluidframework/common-utils": "^0.32.1",
        "@fluidframework/driver-definitions": "^0.44.0",
        "@fluidframework/driver-utils": "^0.56.2",
        "@fluidframework/protocol-definitions": "^0.1026.0",
        "@fluidframework/telemetry-utils": "^0.56.2"
      }
    },
    "@fluidframework/driver-definitions": {
      "version": "0.44.0",
      "resolved": "https://registry.npmjs.org/@fluidframework/driver-definitions/-/driver-definitions-0.44.0.tgz",
      "integrity": "sha512-ru8rcc1qkKZz/76MVwSjF1c/uzSD2Rq5512fCv6VxvNJW6SUYUbmKcRHIMchxnEDpIFJVpsAruyK2aHZUdR2eA==",
      "requires": {
        "@fluidframework/common-definitions": "^0.20.0",
        "@fluidframework/core-interfaces": "^0.42.0",
        "@fluidframework/protocol-definitions": "^0.1026.0"
      }
    },
    "@fluidframework/driver-utils": {
      "version": "0.56.2",
      "resolved": "https://registry.npmjs.org/@fluidframework/driver-utils/-/driver-utils-0.56.2.tgz",
      "integrity": "sha512-SBHVRiGfi8gAHH57J4agzVffMuqVJV5J0Ty2xOE37UwcnGjRVHelvbIdNyIRrIa5fInowHtiTXyAeOJMoQcxOQ==",
      "requires": {
        "@fluidframework/common-definitions": "^0.20.1",
        "@fluidframework/common-utils": "^0.32.1",
        "@fluidframework/core-interfaces": "^0.42.0",
        "@fluidframework/driver-definitions": "^0.44.0",
        "@fluidframework/gitresources": "^0.1034.0",
        "@fluidframework/protocol-base": "^0.1034.0",
        "@fluidframework/protocol-definitions": "^0.1026.0",
        "@fluidframework/telemetry-utils": "^0.56.2",
        "axios": "^0.21.2",
        "uuid": "^8.3.1"
      }
    },
    "@fluidframework/fluid-static": {
      "version": "0.56.2",
      "resolved": "https://registry.npmjs.org/@fluidframework/fluid-static/-/fluid-static-0.56.2.tgz",
      "integrity": "sha512-r6/5iY0Vtuqr6W/gv5IguuQtgAVJFjyKYonlsJhBcfh42Q1+JjMJoQNFna6h4YuH49oF4ycronY0KtoeH/1ROw==",
      "requires": {
        "@fluidframework/aqueduct": "^0.56.2",
        "@fluidframework/common-definitions": "^0.20.1",
        "@fluidframework/common-utils": "^0.32.1",
        "@fluidframework/container-definitions": "^0.45.0",
        "@fluidframework/container-loader": "^0.56.2",
        "@fluidframework/container-runtime-definitions": "^0.56.2",
        "@fluidframework/core-interfaces": "^0.42.0",
        "@fluidframework/datastore-definitions": "^0.56.2",
        "@fluidframework/protocol-definitions": "^0.1026.0",
        "@fluidframework/request-handler": "^0.56.2",
        "@fluidframework/runtime-definitions": "^0.56.2",
        "@fluidframework/runtime-utils": "^0.56.2"
      }
    },
    "@fluidframework/garbage-collector": {
      "version": "0.56.2",
      "resolved": "https://registry.npmjs.org/@fluidframework/garbage-collector/-/garbage-collector-0.56.2.tgz",
      "integrity": "sha512-XzqwtkxUnhAUJlmY+EVLq79FQge9aOTXGRtdl4B9NSXCsLHY8F50zeX8o0ifBbOYfY9dNn4E0mHAGsyReen//A==",
      "requires": {
        "@fluidframework/common-definitions": "^0.20.1",
        "@fluidframework/common-utils": "^0.32.1",
        "@fluidframework/runtime-definitions": "^0.56.2"
      }
    },
    "@fluidframework/gitresources": {
      "version": "0.1034.0",
      "resolved": "https://registry.npmjs.org/@fluidframework/gitresources/-/gitresources-0.1034.0.tgz",
      "integrity": "sha512-TXuuJ6reU5mQutIAIq6BMRneh3elU8VSwoxOkeFRV8adFRLQjs3LJM61C+2P1B+tzF33h9gUS5UzCHByBebc7w=="
    },
    "@fluidframework/map": {
      "version": "0.56.2",
      "resolved": "https://registry.npmjs.org/@fluidframework/map/-/map-0.56.2.tgz",
      "integrity": "sha512-JSKEqPFLP5bT5SAvkLTBPYTO56fzACF0bMPHJ5pQz8T695g6u/s4BQGMrnUKrs2JxcGL6PY01GhGMuTgacC+Yw==",
      "requires": {
        "@fluidframework/common-definitions": "^0.20.1",
        "@fluidframework/common-utils": "^0.32.1",
        "@fluidframework/core-interfaces": "^0.42.0",
        "@fluidframework/datastore-definitions": "^0.56.2",
        "@fluidframework/driver-utils": "^0.56.2",
        "@fluidframework/protocol-definitions": "^0.1026.0",
        "@fluidframework/runtime-definitions": "^0.56.2",
        "@fluidframework/runtime-utils": "^0.56.2",
        "@fluidframework/shared-object-base": "^0.56.2",
        "path-browserify": "^1.0.1"
      }
    },
    "@fluidframework/protocol-base": {
      "version": "0.1034.0",
      "resolved": "https://registry.npmjs.org/@fluidframework/protocol-base/-/protocol-base-0.1034.0.tgz",
      "integrity": "sha512-JcCAGPtPC/lL7Q2paNTMCxvWGsRagVh4C/NoTIMWRube2mP3POBGEdYSYDQyDv3CNUycEoOrG/78jdUq7Adz4A==",
      "requires": {
        "@fluidframework/common-utils": "^0.32.1",
        "@fluidframework/gitresources": "^0.1034.0",
        "@fluidframework/protocol-definitions": "^0.1026.0",
        "lodash": "^4.17.21"
      }
    },
    "@fluidframework/protocol-definitions": {
      "version": "0.1026.0",
      "resolved": "https://registry.npmjs.org/@fluidframework/protocol-definitions/-/protocol-definitions-0.1026.0.tgz",
      "integrity": "sha512-dDjLGrpZd02NU9oXEzgQlW50EDt75v2CSU90xhg4S1VkHHuNrQfc/jEEeYNAVqac9duPutcDK4pP1n4AESYjlw==",
      "requires": {
        "@fluidframework/common-definitions": "^0.20.0"
      }
    },
    "@fluidframework/request-handler": {
      "version": "0.56.2",
      "resolved": "https://registry.npmjs.org/@fluidframework/request-handler/-/request-handler-0.56.2.tgz",
      "integrity": "sha512-snVm0CkW7vUqW901l2Q7iuxb3BO79mZM2HmPrD+49tA0hH9wz/6dTCsjTcRjOCr9dio8s9uQpdZ64T4HQWymgA==",
      "requires": {
        "@fluidframework/common-utils": "^0.32.1",
        "@fluidframework/container-runtime-definitions": "^0.56.2",
        "@fluidframework/core-interfaces": "^0.42.0",
        "@fluidframework/runtime-definitions": "^0.56.2",
        "@fluidframework/runtime-utils": "^0.56.2"
      }
    },
    "@fluidframework/routerlicious-driver": {
      "version": "0.56.2",
      "resolved": "https://registry.npmjs.org/@fluidframework/routerlicious-driver/-/routerlicious-driver-0.56.2.tgz",
      "integrity": "sha512-JX6sB+xfY0uqNYMlGQcme2wzGxIjqN1ySKEMb3FqJwL2+U+L4z2LnfkjCteeWJNIpg30Lq47/Oia5n/dw4hLLA==",
      "requires": {
        "@fluidframework/common-definitions": "^0.20.1",
        "@fluidframework/common-utils": "^0.32.1",
        "@fluidframework/driver-base": "^0.56.2",
        "@fluidframework/driver-definitions": "^0.44.0",
        "@fluidframework/driver-utils": "^0.56.2",
        "@fluidframework/gitresources": "^0.1034.0",
        "@fluidframework/protocol-base": "^0.1034.0",
        "@fluidframework/protocol-definitions": "^0.1026.0",
        "@fluidframework/server-services-client": "^0.1034.0",
        "@fluidframework/telemetry-utils": "^0.56.2",
        "json-stringify-safe": "5.0.1",
        "node-fetch": "^2.6.1",
        "socket.io-client": "^2.4.0",
        "url-parse": "^1.5.3",
        "uuid": "^8.3.1"
      }
    },
    "@fluidframework/runtime-definitions": {
      "version": "0.56.2",
      "resolved": "https://registry.npmjs.org/@fluidframework/runtime-definitions/-/runtime-definitions-0.56.2.tgz",
      "integrity": "sha512-syDYMKZOLkXOQHmZYr2fnPJYzKpkN6S6JMcBKtdw2tOyHen/Btps8cQ9Bqg3w1iER6xbWoOvvSootlgImIElfQ==",
      "requires": {
        "@fluidframework/common-definitions": "^0.20.1",
        "@fluidframework/common-utils": "^0.32.1",
        "@fluidframework/container-definitions": "^0.45.0",
        "@fluidframework/core-interfaces": "^0.42.0",
        "@fluidframework/driver-definitions": "^0.44.0",
        "@fluidframework/protocol-definitions": "^0.1026.0",
        "@types/node": "^14.18.0"
      }
    },
    "@fluidframework/runtime-utils": {
      "version": "0.56.2",
      "resolved": "https://registry.npmjs.org/@fluidframework/runtime-utils/-/runtime-utils-0.56.2.tgz",
      "integrity": "sha512-izefASHpFmTPhNxgWPSDtTlb3jeCQ4iAYwmuRBO1LZSVtps+YQTppOoKBeD4ei3b4+db2wLzYq7t0mJT8h+z4g==",
      "requires": {
        "@fluidframework/common-definitions": "^0.20.1",
        "@fluidframework/common-utils": "^0.32.1",
        "@fluidframework/container-definitions": "^0.45.0",
        "@fluidframework/container-runtime-definitions": "^0.56.2",
        "@fluidframework/core-interfaces": "^0.42.0",
        "@fluidframework/datastore-definitions": "^0.56.2",
        "@fluidframework/garbage-collector": "^0.56.2",
        "@fluidframework/protocol-base": "^0.1034.0",
        "@fluidframework/protocol-definitions": "^0.1026.0",
        "@fluidframework/runtime-definitions": "^0.56.2",
        "@fluidframework/telemetry-utils": "^0.56.2"
      }
    },
    "@fluidframework/server-services-client": {
      "version": "0.1034.0",
      "resolved": "https://registry.npmjs.org/@fluidframework/server-services-client/-/server-services-client-0.1034.0.tgz",
      "integrity": "sha512-o3OLRrCm0t+xrlfFTphQTs7/zC4vAP9Za4V+TD/Un6vSQH71DI+kCP5vt8KqJN6nccZusvahxcRIqFGzsqWJPA==",
      "requires": {
        "@fluidframework/common-utils": "^0.32.1",
        "@fluidframework/gitresources": "^0.1034.0",
        "@fluidframework/protocol-base": "^0.1034.0",
        "@fluidframework/protocol-definitions": "^0.1026.0",
        "axios": "^0.21.2",
        "crc-32": "1.2.0",
        "debug": "^4.1.1",
        "jsrsasign": "^10.2.0",
        "jwt-decode": "^3.0.0",
        "sillyname": "0.1.0",
        "uuid": "^8.3.1"
      }
    },
    "@fluidframework/shared-object-base": {
      "version": "0.56.2",
      "resolved": "https://registry.npmjs.org/@fluidframework/shared-object-base/-/shared-object-base-0.56.2.tgz",
      "integrity": "sha512-g5ilhPeD2QKXoFPw2SSS2hnyuF5xk/rO8wmjZ48WdPfxUyhk0bz07OJznt5GyIn9TEeqpj5f3jgPAYSRYWosZA==",
      "requires": {
        "@fluidframework/common-definitions": "^0.20.1",
        "@fluidframework/common-utils": "^0.32.1",
        "@fluidframework/container-definitions": "^0.45.0",
        "@fluidframework/container-utils": "^0.56.2",
        "@fluidframework/core-interfaces": "^0.42.0",
        "@fluidframework/datastore": "^0.56.2",
        "@fluidframework/datastore-definitions": "^0.56.2",
        "@fluidframework/protocol-definitions": "^0.1026.0",
        "@fluidframework/runtime-definitions": "^0.56.2",
        "@fluidframework/runtime-utils": "^0.56.2",
        "@fluidframework/telemetry-utils": "^0.56.2",
        "uuid": "^8.3.1"
      }
    },
    "@fluidframework/synthesize": {
      "version": "0.56.2",
      "resolved": "https://registry.npmjs.org/@fluidframework/synthesize/-/synthesize-0.56.2.tgz",
      "integrity": "sha512-PawneKPpZKM3phw4VOsMMlDedX4kS/YJ+dC5xPyWm/89hq6DYHN+DI81BS8PZTAA3dyb6zzpotB5nGpl4vh1qg=="
    },
    "@fluidframework/telemetry-utils": {
      "version": "0.56.2",
      "resolved": "https://registry.npmjs.org/@fluidframework/telemetry-utils/-/telemetry-utils-0.56.2.tgz",
      "integrity": "sha512-eTlKiW5BrEWyjkmqBs0wuHNorBGqQq49+69uW2BZFEuGyNcqIqyupw+qjDLOdHEknwOFy/68TaS1pmo3TrNeuA==",
      "requires": {
        "@fluidframework/common-definitions": "^0.20.1",
        "@fluidframework/common-utils": "^0.32.1",
        "debug": "^4.1.1",
        "events": "^3.1.0",
        "uuid": "^8.3.1"
      }
    },
    "@fluidframework/view-interfaces": {
      "version": "0.56.2",
      "resolved": "https://registry.npmjs.org/@fluidframework/view-interfaces/-/view-interfaces-0.56.2.tgz",
      "integrity": "sha512-NjaiY6EQOGQ5BKTVJKmbkQBppsBkRUdZFu/Gm229UB6vaKicRGUcurWcKxdri/nn0XmzEQGbJDZHjTxUNCLttg==",
      "requires": {
        "@fluidframework/core-interfaces": "^0.42.0"
      }
    },
    "@types/events": {
      "version": "3.0.0",
      "resolved": "https://registry.npmjs.org/@types/events/-/events-3.0.0.tgz",
      "integrity": "sha512-EaObqwIvayI5a8dCzhFrjKzVwKLxjoG9T6Ppd5CEo07LRKfQ8Yokw54r5+Wq7FaBQ+yXRvQAYPrHwya1/UFt9g=="
    },
    "@types/node": {
      "version": "14.18.10",
      "resolved": "https://registry.npmjs.org/@types/node/-/node-14.18.10.tgz",
      "integrity": "sha512-6iihJ/Pp5fsFJ/aEDGyvT4pHGmCpq7ToQ/yf4bl5SbVAvwpspYJ+v3jO7n8UyjhQVHTy+KNszOozDdv+O6sovQ=="
    },
    "abort-controller": {
      "version": "3.0.0",
      "resolved": "https://registry.npmjs.org/abort-controller/-/abort-controller-3.0.0.tgz",
      "integrity": "sha512-h8lQ8tacZYnR3vNQTgibj+tODHI5/+l06Au2Pcriv/Gmet0eaj4TwWH41sO9wnHDiQsEj19q0drzdWdeAHtweg==",
      "requires": {
        "event-target-shim": "^5.0.0"
      }
    },
    "after": {
      "version": "0.8.2",
      "resolved": "https://registry.npmjs.org/after/-/after-0.8.2.tgz",
      "integrity": "sha1-/ts5T58OAqqXaOcCvaI7UF+ufh8="
    },
    "arraybuffer.slice": {
      "version": "0.0.7",
      "resolved": "https://registry.npmjs.org/arraybuffer.slice/-/arraybuffer.slice-0.0.7.tgz",
      "integrity": "sha512-wGUIVQXuehL5TCqQun8OW81jGzAWycqzFF8lFp+GOM5BXLYj3bKNsYC4daB7n6XjCqxQA/qgTJ+8ANR3acjrog=="
    },
    "axios": {
      "version": "0.21.4",
      "resolved": "https://registry.npmjs.org/axios/-/axios-0.21.4.tgz",
      "integrity": "sha512-ut5vewkiu8jjGBdqpM44XxjuCjq9LAKeHVmoVfHVzy8eHgxxq8SbAVQNovDA8mVi05kP0Ea/n/UzcSHcTJQfNg==",
      "requires": {
        "follow-redirects": "^1.14.0"
      }
    },
    "backo2": {
      "version": "1.0.2",
      "resolved": "https://registry.npmjs.org/backo2/-/backo2-1.0.2.tgz",
      "integrity": "sha1-MasayLEpNjRj41s+u2n038+6eUc="
    },
    "base64-arraybuffer": {
      "version": "0.1.4",
      "resolved": "https://registry.npmjs.org/base64-arraybuffer/-/base64-arraybuffer-0.1.4.tgz",
      "integrity": "sha1-mBjHngWbE1X5fgQooBfIOOkLqBI="
    },
    "base64-js": {
      "version": "1.5.1",
      "resolved": "https://registry.npmjs.org/base64-js/-/base64-js-1.5.1.tgz",
      "integrity": "sha512-AKpaYlHn8t4SVbOHCy+b5+KKgvR4vrsD8vbvrbiQJps7fKDTkjkDry6ji0rUJjC0kzbNePLwzxq8iypo41qeWA=="
    },
    "blob": {
      "version": "0.0.5",
      "resolved": "https://registry.npmjs.org/blob/-/blob-0.0.5.tgz",
      "integrity": "sha512-gaqbzQPqOoamawKg0LGVd7SzLgXS+JH61oWprSLH+P+abTczqJbhTR8CmJ2u9/bUYNmHTGJx/UEmn6doAvvuig=="
    },
    "component-bind": {
      "version": "1.0.0",
      "resolved": "https://registry.npmjs.org/component-bind/-/component-bind-1.0.0.tgz",
      "integrity": "sha1-AMYIq33Nk4l8AAllGx06jh5zu9E="
    },
    "component-emitter": {
      "version": "1.3.0",
      "resolved": "https://registry.npmjs.org/component-emitter/-/component-emitter-1.3.0.tgz",
      "integrity": "sha512-Rd3se6QB+sO1TwqZjscQrurpEPIfO0/yYnSin6Q/rD3mOutHvUrCAhJub3r90uNb+SESBuE0QYoB90YdfatsRg=="
    },
    "component-inherit": {
      "version": "0.0.3",
      "resolved": "https://registry.npmjs.org/component-inherit/-/component-inherit-0.0.3.tgz",
      "integrity": "sha1-ZF/ErfWLcrZJ1crmUTVhnbJv8UM="
    },
    "crc-32": {
      "version": "1.2.0",
      "resolved": "https://registry.npmjs.org/crc-32/-/crc-32-1.2.0.tgz",
      "integrity": "sha512-1uBwHxF+Y/4yF5G48fwnKq6QsIXheor3ZLPT80yGBV1oEUwpPojlEhQbWKVw1VwcTQyMGHK1/XMmTjmlsmTTGA==",
      "requires": {
        "exit-on-epipe": "~1.0.1",
        "printj": "~1.1.0"
      }
    },
    "debug": {
      "version": "4.3.3",
      "resolved": "https://registry.npmjs.org/debug/-/debug-4.3.3.tgz",
      "integrity": "sha512-/zxw5+vh1Tfv+4Qn7a5nsbcJKPaSvCDhojn6FEl9vupwK2VCSDtEiEtqr8DFtzYFOdz63LBkxec7DYuc2jon6Q==",
      "requires": {
        "ms": "2.1.2"
      }
    },
    "double-ended-queue": {
      "version": "2.1.0-0",
      "resolved": "https://registry.npmjs.org/double-ended-queue/-/double-ended-queue-2.1.0-0.tgz",
      "integrity": "sha1-ED01J/0xUo9AGIEwyEHv3XgmTlw="
    },
    "engine.io-client": {
      "version": "3.5.2",
      "resolved": "https://registry.npmjs.org/engine.io-client/-/engine.io-client-3.5.2.tgz",
      "integrity": "sha512-QEqIp+gJ/kMHeUun7f5Vv3bteRHppHH/FMBQX/esFj/fuYfjyUKWGMo3VCvIP/V8bE9KcjHmRZrhIz2Z9oNsDA==",
      "requires": {
        "component-emitter": "~1.3.0",
        "component-inherit": "0.0.3",
        "debug": "~3.1.0",
        "engine.io-parser": "~2.2.0",
        "has-cors": "1.1.0",
        "indexof": "0.0.1",
        "parseqs": "0.0.6",
        "parseuri": "0.0.6",
        "ws": "~7.4.2",
        "xmlhttprequest-ssl": "~1.6.2",
        "yeast": "0.1.2"
      },
      "dependencies": {
        "debug": {
          "version": "3.1.0",
          "resolved": "https://registry.npmjs.org/debug/-/debug-3.1.0.tgz",
          "integrity": "sha512-OX8XqP7/1a9cqkxYw2yXss15f26NKWBpDXQd0/uK/KPqdQhxbPa994hnzjcE2VqQpDslf55723cKPUOGSmMY3g==",
          "requires": {
            "ms": "2.0.0"
          }
        },
        "ms": {
          "version": "2.0.0",
          "resolved": "https://registry.npmjs.org/ms/-/ms-2.0.0.tgz",
          "integrity": "sha1-VgiurfwAvmwpAd9fmGF4jeDVl8g="
        }
      }
    },
    "engine.io-parser": {
      "version": "2.2.1",
      "resolved": "https://registry.npmjs.org/engine.io-parser/-/engine.io-parser-2.2.1.tgz",
      "integrity": "sha512-x+dN/fBH8Ro8TFwJ+rkB2AmuVw9Yu2mockR/p3W8f8YtExwFgDvBDi0GWyb4ZLkpahtDGZgtr3zLovanJghPqg==",
      "requires": {
        "after": "0.8.2",
        "arraybuffer.slice": "~0.0.7",
        "base64-arraybuffer": "0.1.4",
        "blob": "0.0.5",
        "has-binary2": "~1.0.2"
      }
    },
    "event-target-shim": {
      "version": "5.0.1",
      "resolved": "https://registry.npmjs.org/event-target-shim/-/event-target-shim-5.0.1.tgz",
      "integrity": "sha512-i/2XbnSz/uxRCU6+NdVJgKWDTM427+MqYbkQzD321DuCQJUqOuJKIA0IM2+W2xtYHdKOmZ4dR6fExsd4SXL+WQ=="
    },
    "events": {
      "version": "3.3.0",
      "resolved": "https://registry.npmjs.org/events/-/events-3.3.0.tgz",
      "integrity": "sha512-mQw+2fkQbALzQ7V0MY0IqdnXNOeTtP4r0lN9z7AAawCXgqea7bDii20AYrIBrFd/Hx0M2Ocz6S111CaFkUcb0Q=="
    },
    "exit-on-epipe": {
      "version": "1.0.1",
      "resolved": "https://registry.npmjs.org/exit-on-epipe/-/exit-on-epipe-1.0.1.tgz",
      "integrity": "sha512-h2z5mrROTxce56S+pnvAV890uu7ls7f1kEvVGJbw1OlFH3/mlJ5bkXu0KRyW94v37zzHPiUd55iLn3DA7TjWpw=="
    },
    "follow-redirects": {
      "version": "1.14.8",
      "resolved": "https://registry.npmjs.org/follow-redirects/-/follow-redirects-1.14.8.tgz",
      "integrity": "sha512-1x0S9UVJHsQprFcEC/qnNzBLcIxsjAV905f/UkQxbclCsoTWlacCNOpQa/anodLl2uaEKFhfWOvM2Qg77+15zA=="
    },
    "has-binary2": {
      "version": "1.0.3",
      "resolved": "https://registry.npmjs.org/has-binary2/-/has-binary2-1.0.3.tgz",
      "integrity": "sha512-G1LWKhDSvhGeAQ8mPVQlqNcOB2sJdwATtZKl2pDKKHfpf/rYj24lkinxf69blJbnsvtqqNU+L3SL50vzZhXOnw==",
      "requires": {
        "isarray": "2.0.1"
      }
    },
    "has-cors": {
      "version": "1.1.0",
      "resolved": "https://registry.npmjs.org/has-cors/-/has-cors-1.1.0.tgz",
      "integrity": "sha1-XkdHk/fqmEPRu5nCPu9J/xJv/zk="
    },
    "indexof": {
      "version": "0.0.1",
      "resolved": "https://registry.npmjs.org/indexof/-/indexof-0.0.1.tgz",
      "integrity": "sha1-gtwzbSMrkGIXnQWrMpOmYFn9Q10="
    },
    "inherits": {
      "version": "2.0.4",
      "resolved": "https://registry.npmjs.org/inherits/-/inherits-2.0.4.tgz",
      "integrity": "sha512-k/vGaX4/Yla3WzyMCvTQOXYeIHvqOKtnqBduzTHpzpQZzAskKMhZ2K+EnBiSM9zGSoIFeMpXKxa4dYeZIQqewQ=="
    },
    "isarray": {
      "version": "2.0.1",
      "resolved": "https://registry.npmjs.org/isarray/-/isarray-2.0.1.tgz",
      "integrity": "sha1-o32U7ZzaLVmGXJ92/llu4fM4dB4="
    },
    "json-stringify-safe": {
      "version": "5.0.1",
      "resolved": "https://registry.npmjs.org/json-stringify-safe/-/json-stringify-safe-5.0.1.tgz",
      "integrity": "sha1-Epai1Y/UXxmg9s4B1lcB4sc1tus="
    },
    "jsrsasign": {
      "version": "10.5.2",
      "resolved": "https://registry.npmjs.org/jsrsasign/-/jsrsasign-10.5.2.tgz",
      "integrity": "sha512-N5vA6bgf/QBuWJmDMdIIRuRt8xars/Za3gyrNo4bedkAEmZGQ4p3mHW96d70LWJWAz+EPWFg3uatDGDjVA7t6Q=="
    },
    "jwt-decode": {
      "version": "3.1.2",
      "resolved": "https://registry.npmjs.org/jwt-decode/-/jwt-decode-3.1.2.tgz",
      "integrity": "sha512-UfpWE/VZn0iP50d8cz9NrZLM9lSWhcJ+0Gt/nm4by88UL+J1SiKN8/5dkjMmbEzwL2CAe+67GsegCbIKtbp75A=="
    },
    "lodash": {
      "version": "4.17.21",
      "resolved": "https://registry.npmjs.org/lodash/-/lodash-4.17.21.tgz",
      "integrity": "sha512-v2kDEe57lecTulaDIuNTPy3Ry4gLGJ6Z1O3vE1krgXZNrsQ+LFTGHVxVjcXPs17LhbZVGedAJv8XZ1tvj5FvSg=="
    },
    "ms": {
      "version": "2.1.2",
      "resolved": "https://registry.npmjs.org/ms/-/ms-2.1.2.tgz",
      "integrity": "sha512-sGkPx+VjMtmA6MX27oA4FBFELFCZZ4S4XqeGOXCv68tT+jb3vk/RyaKWP0PTKyWtmLSM0b+adUTEvbs1PEaH2w=="
    },
    "node-fetch": {
      "version": "2.6.7",
      "resolved": "https://registry.npmjs.org/node-fetch/-/node-fetch-2.6.7.tgz",
      "integrity": "sha512-ZjMPFEfVx5j+y2yF35Kzx5sF7kDzxuDj6ziH4FFbOp87zKDZNx8yExJIb05OGF4Nlt9IHFIMBkRl41VdvcNdbQ==",
      "requires": {
        "whatwg-url": "^5.0.0"
      }
    },
    "parseqs": {
      "version": "0.0.6",
      "resolved": "https://registry.npmjs.org/parseqs/-/parseqs-0.0.6.tgz",
      "integrity": "sha512-jeAGzMDbfSHHA091hr0r31eYfTig+29g3GKKE/PPbEQ65X0lmMwlEoqmhzu0iztID5uJpZsFlUPDP8ThPL7M8w=="
    },
    "parseuri": {
      "version": "0.0.6",
      "resolved": "https://registry.npmjs.org/parseuri/-/parseuri-0.0.6.tgz",
      "integrity": "sha512-AUjen8sAkGgao7UyCX6Ahv0gIK2fABKmYjvP4xmy5JaKvcbTRueIqIPHLAfq30xJddqSE033IOMUSOMCcK3Sow=="
    },
    "path-browserify": {
      "version": "1.0.1",
      "resolved": "https://registry.npmjs.org/path-browserify/-/path-browserify-1.0.1.tgz",
      "integrity": "sha512-b7uo2UCUOYZcnF/3ID0lulOJi/bafxa1xPe7ZPsammBSpjSWQkjNxlt635YGS2MiR9GjvuXCtz2emr3jbsz98g=="
    },
    "printj": {
      "version": "1.1.2",
      "resolved": "https://registry.npmjs.org/printj/-/printj-1.1.2.tgz",
      "integrity": "sha512-zA2SmoLaxZyArQTOPj5LXecR+RagfPSU5Kw1qP+jkWeNlrq+eJZyY2oS68SU1Z/7/myXM4lo9716laOFAVStCQ=="
    },
    "querystringify": {
      "version": "2.2.0",
      "resolved": "https://registry.npmjs.org/querystringify/-/querystringify-2.2.0.tgz",
      "integrity": "sha512-FIqgj2EUvTa7R50u0rGsyTftzjYmv/a3hO345bZNrqabNqjtgiDMgmo4mkUjd+nzU5oF3dClKqFIPUKybUyqoQ=="
    },
    "requires-port": {
      "version": "1.0.0",
      "resolved": "https://registry.npmjs.org/requires-port/-/requires-port-1.0.0.tgz",
      "integrity": "sha1-kl0mAdOaxIXgkc8NpcbmlNw9yv8="
    },
    "safe-buffer": {
      "version": "5.2.1",
      "resolved": "https://registry.npmjs.org/safe-buffer/-/safe-buffer-5.2.1.tgz",
      "integrity": "sha512-rp3So07KcdmmKbGvgaNxQSJr7bGVSVk5S9Eq1F+ppbRo70+YeaDxkw5Dd8NPN+GD6bjnYm2VuPuCXmpuYvmCXQ=="
    },
    "sha.js": {
      "version": "2.4.11",
      "resolved": "https://registry.npmjs.org/sha.js/-/sha.js-2.4.11.tgz",
      "integrity": "sha512-QMEp5B7cftE7APOjk5Y6xgrbWu+WkLVQwk8JNjZ8nKRciZaByEW6MubieAiToS7+dwvrjGhH8jRXz3MVd0AYqQ==",
      "requires": {
        "inherits": "^2.0.1",
        "safe-buffer": "^5.0.1"
      }
    },
    "sillyname": {
      "version": "0.1.0",
      "resolved": "https://registry.npmjs.org/sillyname/-/sillyname-0.1.0.tgz",
      "integrity": "sha1-z9mIWOJJhnE0d3Xv47tRQfRsh9Y="
    },
    "socket.io-client": {
      "version": "2.4.0",
      "resolved": "https://registry.npmjs.org/socket.io-client/-/socket.io-client-2.4.0.tgz",
      "integrity": "sha512-M6xhnKQHuuZd4Ba9vltCLT9oa+YvTsP8j9NcEiLElfIg8KeYPyhWOes6x4t+LTAC8enQbE/995AdTem2uNyKKQ==",
      "requires": {
        "backo2": "1.0.2",
        "component-bind": "1.0.0",
        "component-emitter": "~1.3.0",
        "debug": "~3.1.0",
        "engine.io-client": "~3.5.0",
        "has-binary2": "~1.0.2",
        "indexof": "0.0.1",
        "parseqs": "0.0.6",
        "parseuri": "0.0.6",
        "socket.io-parser": "~3.3.0",
        "to-array": "0.1.4"
      },
      "dependencies": {
        "debug": {
          "version": "3.1.0",
          "resolved": "https://registry.npmjs.org/debug/-/debug-3.1.0.tgz",
          "integrity": "sha512-OX8XqP7/1a9cqkxYw2yXss15f26NKWBpDXQd0/uK/KPqdQhxbPa994hnzjcE2VqQpDslf55723cKPUOGSmMY3g==",
          "requires": {
            "ms": "2.0.0"
          }
        },
        "ms": {
          "version": "2.0.0",
          "resolved": "https://registry.npmjs.org/ms/-/ms-2.0.0.tgz",
          "integrity": "sha1-VgiurfwAvmwpAd9fmGF4jeDVl8g="
        }
      }
    },
    "socket.io-parser": {
      "version": "3.3.2",
      "resolved": "https://registry.npmjs.org/socket.io-parser/-/socket.io-parser-3.3.2.tgz",
      "integrity": "sha512-FJvDBuOALxdCI9qwRrO/Rfp9yfndRtc1jSgVgV8FDraihmSP/MLGD5PEuJrNfjALvcQ+vMDM/33AWOYP/JSjDg==",
      "requires": {
        "component-emitter": "~1.3.0",
        "debug": "~3.1.0",
        "isarray": "2.0.1"
      },
      "dependencies": {
        "debug": {
          "version": "3.1.0",
          "resolved": "https://registry.npmjs.org/debug/-/debug-3.1.0.tgz",
          "integrity": "sha512-OX8XqP7/1a9cqkxYw2yXss15f26NKWBpDXQd0/uK/KPqdQhxbPa994hnzjcE2VqQpDslf55723cKPUOGSmMY3g==",
          "requires": {
            "ms": "2.0.0"
          }
        },
        "ms": {
          "version": "2.0.0",
          "resolved": "https://registry.npmjs.org/ms/-/ms-2.0.0.tgz",
          "integrity": "sha1-VgiurfwAvmwpAd9fmGF4jeDVl8g="
        }
      }
    },
    "to-array": {
      "version": "0.1.4",
      "resolved": "https://registry.npmjs.org/to-array/-/to-array-0.1.4.tgz",
      "integrity": "sha1-F+bBH3PdTz10zaek/zI46a2b+JA="
    },
    "tr46": {
      "version": "0.0.3",
      "resolved": "https://registry.npmjs.org/tr46/-/tr46-0.0.3.tgz",
      "integrity": "sha1-gYT9NH2snNwYWZLzpmIuFLnZq2o="
    },
    "typescript": {
      "version": "4.5.5",
      "resolved": "https://registry.npmjs.org/typescript/-/typescript-4.5.5.tgz",
      "integrity": "sha512-TCTIul70LyWe6IJWT8QSYeA54WQe8EjQFU4wY52Fasj5UKx88LNYKCgBEHcOMOrFF1rKGbD8v/xcNWVUq9SymA==",
      "dev": true
    },
    "url-parse": {
      "version": "1.5.4",
      "resolved": "https://registry.npmjs.org/url-parse/-/url-parse-1.5.4.tgz",
      "integrity": "sha512-ITeAByWWoqutFClc/lRZnFplgXgEZr3WJ6XngMM/N9DMIm4K8zXPCZ1Jdu0rERwO84w1WC5wkle2ubwTA4NTBg==",
      "requires": {
        "querystringify": "^2.1.1",
        "requires-port": "^1.0.0"
      }
    },
    "uuid": {
      "version": "8.3.2",
      "resolved": "https://registry.npmjs.org/uuid/-/uuid-8.3.2.tgz",
      "integrity": "sha512-+NYs2QeMWy+GWFOEm9xnn6HCDp0l7QBD7ml8zLUmJ+93Q5NF0NocErnwkTkXVFNiX3/fpC6afS8Dhb/gz7R7eg=="
    },
    "webidl-conversions": {
      "version": "3.0.1",
      "resolved": "https://registry.npmjs.org/webidl-conversions/-/webidl-conversions-3.0.1.tgz",
      "integrity": "sha1-JFNCdeKnvGvnvIZhHMFq4KVlSHE="
    },
    "whatwg-url": {
      "version": "5.0.0",
      "resolved": "https://registry.npmjs.org/whatwg-url/-/whatwg-url-5.0.0.tgz",
      "integrity": "sha1-lmRU6HZUYuN2RNNib2dCzotwll0=",
      "requires": {
        "tr46": "~0.0.3",
        "webidl-conversions": "^3.0.0"
      }
    },
    "ws": {
      "version": "7.4.6",
      "resolved": "https://registry.npmjs.org/ws/-/ws-7.4.6.tgz",
      "integrity": "sha512-YmhHDO4MzaDLB+M9ym/mDA5z0naX8j7SIlT8f8z+I0VtzsRbekxEutHSme7NPS2qE8StCYQNUnfWdXta/Yu85A=="
    },
    "xmlhttprequest-ssl": {
      "version": "1.6.3",
      "resolved": "https://registry.npmjs.org/xmlhttprequest-ssl/-/xmlhttprequest-ssl-1.6.3.tgz",
      "integrity": "sha512-3XfeQE/wNkvrIktn2Kf0869fC0BN6UpydVasGIeSm2B1Llihf7/0UfZM+eCkOw3P7bP4+qPgqhm7ZoxuJtFU0Q=="
    },
    "yeast": {
      "version": "0.1.2",
      "resolved": "https://registry.npmjs.org/yeast/-/yeast-0.1.2.tgz",
      "integrity": "sha1-AI4G2AlDIMNy28L47XagymyKxBk="
    }
  }
}
